%{"earmark": {:hex, :earmark, "1.0.3", "89bdbaf2aca8bbb5c97d8b3b55c5dd0cff517ecc78d417e87f1d0982e514557b", [:mix], []},
  "ex_doc": {:hex, :ex_doc, "0.14.5", "c0433c8117e948404d93ca69411dd575ec6be39b47802e81ca8d91017a0cf83c", [:mix], [{:earmark, "~> 1.0", [hex: :earmark, optional: false]}]},
  "logi": {:hex, :logi, "0.5.0", "82bf1e971bc89993a1d6567500ae52d03fca628948ea95cb1d7b8bfcec4ff9a4", [:rebar3], []}}
